// !$*UTF8*$!
{
	archiveVersion = 1;
	classes = {
	};
	objectVersion = 48;
	objects = {

/* Begin PBXBuildFile section */
		2552920C543FD0816A4AE2F5 /* Pods_InstagramTests.framework in Frameworks */ = {isa = PBXBuildFile; fileRef = E476B688E9C2ACC44B6312A8 /* Pods_InstagramTests.framework */; };
		59016DC6205331CB001A93CB /* Post.swift in Sources */ = {isa = PBXBuildFile; fileRef = 59016DC5205331CB001A93CB /* Post.swift */; };
		59771CC8203E26B8004178A0 /* AppDelegate.swift in Sources */ = {isa = PBXBuildFile; fileRef = 59771CC7203E26B8004178A0 /* AppDelegate.swift */; };
		59771CCA203E26B8004178A0 /* ViewController.swift in Sources */ = {isa = PBXBuildFile; fileRef = 59771CC9203E26B8004178A0 /* ViewController.swift */; };
		59771CCD203E26B8004178A0 /* Main.storyboard in Resources */ = {isa = PBXBuildFile; fileRef = 59771CCB203E26B8004178A0 /* Main.storyboard */; };
		59771CCF203E26B8004178A0 /* Assets.xcassets in Resources */ = {isa = PBXBuildFile; fileRef = 59771CCE203E26B8004178A0 /* Assets.xcassets */; };
		59771CD2203E26B8004178A0 /* LaunchScreen.storyboard in Resources */ = {isa = PBXBuildFile; fileRef = 59771CD0203E26B8004178A0 /* LaunchScreen.storyboard */; };
		59771CDD203E26B9004178A0 /* InstagramTests.swift in Sources */ = {isa = PBXBuildFile; fileRef = 59771CDC203E26B9004178A0 /* InstagramTests.swift */; };
		59771CE8203E26B9004178A0 /* InstagramUITests.swift in Sources */ = {isa = PBXBuildFile; fileRef = 59771CE7203E26B9004178A0 /* InstagramUITests.swift */; };
		59B855DA2048418C009CA2E9 /* PhotoTableViewCell.swift in Sources */ = {isa = PBXBuildFile; fileRef = 59B855D92048418C009CA2E9 /* PhotoTableViewCell.swift */; };
		59EAF6FC203E2D3C00C9A7E9 /* LoginViewController.swift in Sources */ = {isa = PBXBuildFile; fileRef = 59EAF6FB203E2D3C00C9A7E9 /* LoginViewController.swift */; };
		59EAF70220414C2000C9A7E9 /* HomeViewController.swift in Sources */ = {isa = PBXBuildFile; fileRef = 59EAF70120414C2000C9A7E9 /* HomeViewController.swift */; };
		59EAF70620428E2500C9A7E9 /* PhotoMapViewController.swift in Sources */ = {isa = PBXBuildFile; fileRef = 59EAF70520428E2500C9A7E9 /* PhotoMapViewController.swift */; };
		713CBD22D5930451F1489EC7 /* Pods_Instagram.framework in Frameworks */ = {isa = PBXBuildFile; fileRef = 96852A76C3492D9154CA2904 /* Pods_Instagram.framework */; };
		C4A8204C782C77567E18BB86 /* Pods_InstagramUITests.framework in Frameworks */ = {isa = PBXBuildFile; fileRef = 371FA7A42F58FEA751C46CFE /* Pods_InstagramUITests.framework */; };
/* End PBXBuildFile section */

/* Begin PBXContainerItemProxy section */
		59771CD9203E26B9004178A0 /* PBXContainerItemProxy */ = {
			isa = PBXContainerItemProxy;
			containerPortal = 59771CBC203E26B8004178A0 /* Project object */;
			proxyType = 1;
			remoteGlobalIDString = 59771CC3203E26B8004178A0;
			remoteInfo = Instagram;
		};
		59771CE4203E26B9004178A0 /* PBXContainerItemProxy */ = {
			isa = PBXContainerItemProxy;
			containerPortal = 59771CBC203E26B8004178A0 /* Project object */;
			proxyType = 1;
			remoteGlobalIDString = 59771CC3203E26B8004178A0;
			remoteInfo = Instagram;
		};
/* End PBXContainerItemProxy section */

/* Begin PBXFileReference section */
		0330FFAA8431DD319E8CDD94 /* Pods-InstagramUITests.release.xcconfig */ = {isa = PBXFileReference; includeInIndex = 1; lastKnownFileType = text.xcconfig; name = "Pods-InstagramUITests.release.xcconfig"; path = "Pods/Target Support Files/Pods-InstagramUITests/Pods-InstagramUITests.release.xcconfig"; sourceTree = "<group>"; };
		066AA78682847058D5727675 /* Pods-Instagram.debug.xcconfig */ = {isa = PBXFileReference; includeInIndex = 1; lastKnownFileType = text.xcconfig; name = "Pods-Instagram.debug.xcconfig"; path = "Pods/Target Support Files/Pods-Instagram/Pods-Instagram.debug.xcconfig"; sourceTree = "<group>"; };
		2CF3260531B376D8D97F9BC7 /* Pods-InstagramUITests.debug.xcconfig */ = {isa = PBXFileReference; includeInIndex = 1; lastKnownFileType = text.xcconfig; name = "Pods-InstagramUITests.debug.xcconfig"; path = "Pods/Target Support Files/Pods-InstagramUITests/Pods-InstagramUITests.debug.xcconfig"; sourceTree = "<group>"; };
		371FA7A42F58FEA751C46CFE /* Pods_InstagramUITests.framework */ = {isa = PBXFileReference; explicitFileType = wrapper.framework; includeInIndex = 0; path = Pods_InstagramUITests.framework; sourceTree = BUILT_PRODUCTS_DIR; };
		3EDC01C48871901A3DC7AADD /* Pods-InstagramTests.release.xcconfig */ = {isa = PBXFileReference; includeInIndex = 1; lastKnownFileType = text.xcconfig; name = "Pods-InstagramTests.release.xcconfig"; path = "Pods/Target Support Files/Pods-InstagramTests/Pods-InstagramTests.release.xcconfig"; sourceTree = "<group>"; };
		59016DC5205331CB001A93CB /* Post.swift */ = {isa = PBXFileReference; lastKnownFileType = sourcecode.swift; path = Post.swift; sourceTree = "<group>"; };
		59771CC4203E26B8004178A0 /* Instagram.app */ = {isa = PBXFileReference; explicitFileType = wrapper.application; includeInIndex = 0; path = Instagram.app; sourceTree = BUILT_PRODUCTS_DIR; };
		59771CC7203E26B8004178A0 /* AppDelegate.swift */ = {isa = PBXFileReference; lastKnownFileType = sourcecode.swift; path = AppDelegate.swift; sourceTree = "<group>"; };
		59771CC9203E26B8004178A0 /* ViewController.swift */ = {isa = PBXFileReference; lastKnownFileType = sourcecode.swift; path = ViewController.swift; sourceTree = "<group>"; };
		59771CCC203E26B8004178A0 /* Base */ = {isa = PBXFileReference; lastKnownFileType = file.storyboard; name = Base; path = Base.lproj/Main.storyboard; sourceTree = "<group>"; };
		59771CCE203E26B8004178A0 /* Assets.xcassets */ = {isa = PBXFileReference; lastKnownFileType = folder.assetcatalog; path = Assets.xcassets; sourceTree = "<group>"; };
		59771CD1203E26B8004178A0 /* Base */ = {isa = PBXFileReference; lastKnownFileType = file.storyboard; name = Base; path = Base.lproj/LaunchScreen.storyboard; sourceTree = "<group>"; };
		59771CD3203E26B8004178A0 /* Info.plist */ = {isa = PBXFileReference; lastKnownFileType = text.plist.xml; path = Info.plist; sourceTree = "<group>"; };
		59771CD8203E26B9004178A0 /* InstagramTests.xctest */ = {isa = PBXFileReference; explicitFileType = wrapper.cfbundle; includeInIndex = 0; path = InstagramTests.xctest; sourceTree = BUILT_PRODUCTS_DIR; };
		59771CDC203E26B9004178A0 /* InstagramTests.swift */ = {isa = PBXFileReference; lastKnownFileType = sourcecode.swift; path = InstagramTests.swift; sourceTree = "<group>"; };
		59771CDE203E26B9004178A0 /* Info.plist */ = {isa = PBXFileReference; lastKnownFileType = text.plist.xml; path = Info.plist; sourceTree = "<group>"; };
		59771CE3203E26B9004178A0 /* InstagramUITests.xctest */ = {isa = PBXFileReference; explicitFileType = wrapper.cfbundle; includeInIndex = 0; path = InstagramUITests.xctest; sourceTree = BUILT_PRODUCTS_DIR; };
		59771CE7203E26B9004178A0 /* InstagramUITests.swift */ = {isa = PBXFileReference; lastKnownFileType = sourcecode.swift; path = InstagramUITests.swift; sourceTree = "<group>"; };
		59771CE9203E26B9004178A0 /* Info.plist */ = {isa = PBXFileReference; lastKnownFileType = text.plist.xml; path = Info.plist; sourceTree = "<group>"; };
		59B855D92048418C009CA2E9 /* PhotoTableViewCell.swift */ = {isa = PBXFileReference; lastKnownFileType = sourcecode.swift; path = PhotoTableViewCell.swift; sourceTree = "<group>"; };
		59EAF6FB203E2D3C00C9A7E9 /* LoginViewController.swift */ = {isa = PBXFileReference; lastKnownFileType = sourcecode.swift; path = LoginViewController.swift; sourceTree = "<group>"; };
		59EAF70120414C2000C9A7E9 /* HomeViewController.swift */ = {isa = PBXFileReference; lastKnownFileType = sourcecode.swift; path = HomeViewController.swift; sourceTree = "<group>"; };
		59EAF70520428E2500C9A7E9 /* PhotoMapViewController.swift */ = {isa = PBXFileReference; lastKnownFileType = sourcecode.swift; path = PhotoMapViewController.swift; sourceTree = "<group>"; };
		96852A76C3492D9154CA2904 /* Pods_Instagram.framework */ = {isa = PBXFileReference; explicitFileType = wrapper.framework; includeInIndex = 0; path = Pods_Instagram.framework; sourceTree = BUILT_PRODUCTS_DIR; };
		E1F8B238BE429AC088FADBA0 /* Pods-InstagramTests.debug.xcconfig */ = {isa = PBXFileReference; includeInIndex = 1; lastKnownFileType = text.xcconfig; name = "Pods-InstagramTests.debug.xcconfig"; path = "Pods/Target Support Files/Pods-InstagramTests/Pods-InstagramTests.debug.xcconfig"; sourceTree = "<group>"; };
		E476B688E9C2ACC44B6312A8 /* Pods_InstagramTests.framework */ = {isa = PBXFileReference; explicitFileType = wrapper.framework; includeInIndex = 0; path = Pods_InstagramTests.framework; sourceTree = BUILT_PRODUCTS_DIR; };
		E5FAEBE4C51E53609EDEF4F7 /* Pods-Instagram.release.xcconfig */ = {isa = PBXFileReference; includeInIndex = 1; lastKnownFileType = text.xcconfig; name = "Pods-Instagram.release.xcconfig"; path = "Pods/Target Support Files/Pods-Instagram/Pods-Instagram.release.xcconfig"; sourceTree = "<group>"; };
/* End PBXFileReference section */

/* Begin PBXFrameworksBuildPhase section */
		59771CC1203E26B8004178A0 /* Frameworks */ = {
			isa = PBXFrameworksBuildPhase;
			buildActionMask = 2147483647;
			files = (
				713CBD22D5930451F1489EC7 /* Pods_Instagram.framework in Frameworks */,
			);
			runOnlyForDeploymentPostprocessing = 0;
		};
		59771CD5203E26B9004178A0 /* Frameworks */ = {
			isa = PBXFrameworksBuildPhase;
			buildActionMask = 2147483647;
			files = (
				2552920C543FD0816A4AE2F5 /* Pods_InstagramTests.framework in Frameworks */,
			);
			runOnlyForDeploymentPostprocessing = 0;
		};
		59771CE0203E26B9004178A0 /* Frameworks */ = {
			isa = PBXFrameworksBuildPhase;
			buildActionMask = 2147483647;
			files = (
				C4A8204C782C77567E18BB86 /* Pods_InstagramUITests.framework in Frameworks */,
			);
			runOnlyForDeploymentPostprocessing = 0;
		};
/* End PBXFrameworksBuildPhase section */

/* Begin PBXGroup section */
		2A04EA9BFED0A19472BE7F7F /* Pods */ = {
			isa = PBXGroup;
			children = (
				066AA78682847058D5727675 /* Pods-Instagram.debug.xcconfig */,
				E5FAEBE4C51E53609EDEF4F7 /* Pods-Instagram.release.xcconfig */,
				E1F8B238BE429AC088FADBA0 /* Pods-InstagramTests.debug.xcconfig */,
				3EDC01C48871901A3DC7AADD /* Pods-InstagramTests.release.xcconfig */,
				2CF3260531B376D8D97F9BC7 /* Pods-InstagramUITests.debug.xcconfig */,
				0330FFAA8431DD319E8CDD94 /* Pods-InstagramUITests.release.xcconfig */,
			);
			name = Pods;
			sourceTree = "<group>";
		};
		33DA92442DB42A91EBB85890 /* Frameworks */ = {
			isa = PBXGroup;
			children = (
				96852A76C3492D9154CA2904 /* Pods_Instagram.framework */,
				E476B688E9C2ACC44B6312A8 /* Pods_InstagramTests.framework */,
				371FA7A42F58FEA751C46CFE /* Pods_InstagramUITests.framework */,
			);
			name = Frameworks;
			sourceTree = "<group>";
		};
		59771CBB203E26B8004178A0 = {
			isa = PBXGroup;
			children = (
				59771CC6203E26B8004178A0 /* Instagram */,
				59771CDB203E26B9004178A0 /* InstagramTests */,
				59771CE6203E26B9004178A0 /* InstagramUITests */,
				59771CC5203E26B8004178A0 /* Products */,
				2A04EA9BFED0A19472BE7F7F /* Pods */,
				33DA92442DB42A91EBB85890 /* Frameworks */,
			);
			sourceTree = "<group>";
		};
		59771CC5203E26B8004178A0 /* Products */ = {
			isa = PBXGroup;
			children = (
				59771CC4203E26B8004178A0 /* Instagram.app */,
				59771CD8203E26B9004178A0 /* InstagramTests.xctest */,
				59771CE3203E26B9004178A0 /* InstagramUITests.xctest */,
			);
			name = Products;
			sourceTree = "<group>";
		};
		59771CC6203E26B8004178A0 /* Instagram */ = {
			isa = PBXGroup;
			children = (
				59B855DB20484198009CA2E9 /* ViewControllers */,
				59B855D92048418C009CA2E9 /* PhotoTableViewCell.swift */,
				59016DC5205331CB001A93CB /* Post.swift */,
				59771CC7203E26B8004178A0 /* AppDelegate.swift */,
				59771CC9203E26B8004178A0 /* ViewController.swift */,
				59771CCB203E26B8004178A0 /* Main.storyboard */,
				59771CCE203E26B8004178A0 /* Assets.xcassets */,
				59771CD0203E26B8004178A0 /* LaunchScreen.storyboard */,
				59771CD3203E26B8004178A0 /* Info.plist */,
			);
			path = Instagram;
			sourceTree = "<group>";
		};
		59771CDB203E26B9004178A0 /* InstagramTests */ = {
			isa = PBXGroup;
			children = (
				59771CDC203E26B9004178A0 /* InstagramTests.swift */,
				59771CDE203E26B9004178A0 /* Info.plist */,
			);
			path = InstagramTests;
			sourceTree = "<group>";
		};
		59771CE6203E26B9004178A0 /* InstagramUITests */ = {
			isa = PBXGroup;
			children = (
				59771CE7203E26B9004178A0 /* InstagramUITests.swift */,
				59771CE9203E26B9004178A0 /* Info.plist */,
			);
			path = InstagramUITests;
			sourceTree = "<group>";
		};
		59B855DB20484198009CA2E9 /* ViewControllers */ = {
			isa = PBXGroup;
			children = (
				59EAF6FB203E2D3C00C9A7E9 /* LoginViewController.swift */,
				59EAF70520428E2500C9A7E9 /* PhotoMapViewController.swift */,
				59EAF70120414C2000C9A7E9 /* HomeViewController.swift */,
			);
			path = ViewControllers;
			sourceTree = "<group>";
		};
/* End PBXGroup section */

/* Begin PBXNativeTarget section */
		59771CC3203E26B8004178A0 /* Instagram */ = {
			isa = PBXNativeTarget;
			buildConfigurationList = 59771CEC203E26B9004178A0 /* Build configuration list for PBXNativeTarget "Instagram" */;
			buildPhases = (
				7A49869B517663B6F79B8E69 /* [CP] Check Pods Manifest.lock */,
				59771CC0203E26B8004178A0 /* Sources */,
				59771CC1203E26B8004178A0 /* Frameworks */,
				59771CC2203E26B8004178A0 /* Resources */,
				F2AA06A585FA30E6D097C32D /* [CP] Embed Pods Frameworks */,
				C0299FB7F272682983DD6504 /* [CP] Copy Pods Resources */,
			);
			buildRules = (
			);
			dependencies = (
			);
			name = Instagram;
			productName = Instagram;
			productReference = 59771CC4203E26B8004178A0 /* Instagram.app */;
			productType = "com.apple.product-type.application";
		};
		59771CD7203E26B9004178A0 /* InstagramTests */ = {
			isa = PBXNativeTarget;
			buildConfigurationList = 59771CEF203E26B9004178A0 /* Build configuration list for PBXNativeTarget "InstagramTests" */;
			buildPhases = (
				040C36E4DB1E9A31474CD863 /* [CP] Check Pods Manifest.lock */,
				59771CD4203E26B9004178A0 /* Sources */,
				59771CD5203E26B9004178A0 /* Frameworks */,
				59771CD6203E26B9004178A0 /* Resources */,
				ED6E70EAB7FC7FC7A28DE8AD /* [CP] Embed Pods Frameworks */,
				222E14EE5E681F2B0AE83959 /* [CP] Copy Pods Resources */,
			);
			buildRules = (
			);
			dependencies = (
				59771CDA203E26B9004178A0 /* PBXTargetDependency */,
			);
			name = InstagramTests;
			productName = InstagramTests;
			productReference = 59771CD8203E26B9004178A0 /* InstagramTests.xctest */;
			productType = "com.apple.product-type.bundle.unit-test";
		};
		59771CE2203E26B9004178A0 /* InstagramUITests */ = {
			isa = PBXNativeTarget;
			buildConfigurationList = 59771CF2203E26B9004178A0 /* Build configuration list for PBXNativeTarget "InstagramUITests" */;
			buildPhases = (
				B93983207492592DB38580D3 /* [CP] Check Pods Manifest.lock */,
				59771CDF203E26B9004178A0 /* Sources */,
				59771CE0203E26B9004178A0 /* Frameworks */,
				59771CE1203E26B9004178A0 /* Resources */,
				C25C984721A61F5B8202F87A /* [CP] Embed Pods Frameworks */,
				AE66FA1946B25BB2331BB220 /* [CP] Copy Pods Resources */,
			);
			buildRules = (
			);
			dependencies = (
				59771CE5203E26B9004178A0 /* PBXTargetDependency */,
			);
			name = InstagramUITests;
			productName = InstagramUITests;
			productReference = 59771CE3203E26B9004178A0 /* InstagramUITests.xctest */;
			productType = "com.apple.product-type.bundle.ui-testing";
		};
/* End PBXNativeTarget section */

/* Begin PBXProject section */
		59771CBC203E26B8004178A0 /* Project object */ = {
			isa = PBXProject;
			attributes = {
				LastSwiftUpdateCheck = 0920;
				LastUpgradeCheck = 0920;
				ORGANIZATIONNAME = "Trustin Harris";
				TargetAttributes = {
					59771CC3203E26B8004178A0 = {
						CreatedOnToolsVersion = 9.2;
						ProvisioningStyle = Automatic;
					};
					59771CD7203E26B9004178A0 = {
						CreatedOnToolsVersion = 9.2;
						ProvisioningStyle = Automatic;
						TestTargetID = 59771CC3203E26B8004178A0;
					};
					59771CE2203E26B9004178A0 = {
						CreatedOnToolsVersion = 9.2;
						ProvisioningStyle = Automatic;
						TestTargetID = 59771CC3203E26B8004178A0;
					};
				};
			};
			buildConfigurationList = 59771CBF203E26B8004178A0 /* Build configuration list for PBXProject "Instagram" */;
			compatibilityVersion = "Xcode 8.0";
			developmentRegion = en;
			hasScannedForEncodings = 0;
			knownRegions = (
				en,
				Base,
			);
			mainGroup = 59771CBB203E26B8004178A0;
			productRefGroup = 59771CC5203E26B8004178A0 /* Products */;
			projectDirPath = "";
			projectRoot = "";
			targets = (
				59771CC3203E26B8004178A0 /* Instagram */,
				59771CD7203E26B9004178A0 /* InstagramTests */,
				59771CE2203E26B9004178A0 /* InstagramUITests */,
			);
		};
/* End PBXProject section */

/* Begin PBXResourcesBuildPhase section */
		59771CC2203E26B8004178A0 /* Resources */ = {
			isa = PBXResourcesBuildPhase;
			buildActionMask = 2147483647;
			files = (
				59771CD2203E26B8004178A0 /* LaunchScreen.storyboard in Resources */,
				59771CCF203E26B8004178A0 /* Assets.xcassets in Resources */,
				59771CCD203E26B8004178A0 /* Main.storyboard in Resources */,
			);
			runOnlyForDeploymentPostprocessing = 0;
		};
		59771CD6203E26B9004178A0 /* Resources */ = {
			isa = PBXResourcesBuildPhase;
			buildActionMask = 2147483647;
			files = (
			);
			runOnlyForDeploymentPostprocessing = 0;
		};
		59771CE1203E26B9004178A0 /* Resources */ = {
			isa = PBXResourcesBuildPhase;
			buildActionMask = 2147483647;
			files = (
			);
			runOnlyForDeploymentPostprocessing = 0;
		};
/* End PBXResourcesBuildPhase section */

/* Begin PBXShellScriptBuildPhase section */
		040C36E4DB1E9A31474CD863 /* [CP] Check Pods Manifest.lock */ = {
			isa = PBXShellScriptBuildPhase;
			buildActionMask = 2147483647;
			files = (
			);
			inputPaths = (
				"${PODS_PODFILE_DIR_PATH}/Podfile.lock",
				"${PODS_ROOT}/Manifest.lock",
			);
			name = "[CP] Check Pods Manifest.lock";
			outputPaths = (
				"$(DERIVED_FILE_DIR)/Pods-InstagramTests-checkManifestLockResult.txt",
			);
			runOnlyForDeploymentPostprocessing = 0;
			shellPath = /bin/sh;
			shellScript = "diff \"${PODS_PODFILE_DIR_PATH}/Podfile.lock\" \"${PODS_ROOT}/Manifest.lock\" > /dev/null\nif [ $? != 0 ] ; then\n    # print error to STDERR\n    echo \"error: The sandbox is not in sync with the Podfile.lock. Run 'pod install' or update your CocoaPods installation.\" >&2\n    exit 1\nfi\n# This output is used by Xcode 'outputs' to avoid re-running this script phase.\necho \"SUCCESS\" > \"${SCRIPT_OUTPUT_FILE_0}\"\n";
			showEnvVarsInLog = 0;
		};
		222E14EE5E681F2B0AE83959 /* [CP] Copy Pods Resources */ = {
			isa = PBXShellScriptBuildPhase;
			buildActionMask = 2147483647;
			files = (
			);
			inputPaths = (
			);
			name = "[CP] Copy Pods Resources";
			outputPaths = (
			);
			runOnlyForDeploymentPostprocessing = 0;
			shellPath = /bin/sh;
			shellScript = "\"${SRCROOT}/Pods/Target Support Files/Pods-InstagramTests/Pods-InstagramTests-resources.sh\"\n";
			showEnvVarsInLog = 0;
		};
		7A49869B517663B6F79B8E69 /* [CP] Check Pods Manifest.lock */ = {
			isa = PBXShellScriptBuildPhase;
			buildActionMask = 2147483647;
			files = (
			);
			inputPaths = (
				"${PODS_PODFILE_DIR_PATH}/Podfile.lock",
				"${PODS_ROOT}/Manifest.lock",
			);
			name = "[CP] Check Pods Manifest.lock";
			outputPaths = (
				"$(DERIVED_FILE_DIR)/Pods-Instagram-checkManifestLockResult.txt",
			);
			runOnlyForDeploymentPostprocessing = 0;
			shellPath = /bin/sh;
			shellScript = "diff \"${PODS_PODFILE_DIR_PATH}/Podfile.lock\" \"${PODS_ROOT}/Manifest.lock\" > /dev/null\nif [ $? != 0 ] ; then\n    # print error to STDERR\n    echo \"error: The sandbox is not in sync with the Podfile.lock. Run 'pod install' or update your CocoaPods installation.\" >&2\n    exit 1\nfi\n# This output is used by Xcode 'outputs' to avoid re-running this script phase.\necho \"SUCCESS\" > \"${SCRIPT_OUTPUT_FILE_0}\"\n";
			showEnvVarsInLog = 0;
		};
		AE66FA1946B25BB2331BB220 /* [CP] Copy Pods Resources */ = {
			isa = PBXShellScriptBuildPhase;
			buildActionMask = 2147483647;
			files = (
			);
			inputPaths = (
			);
			name = "[CP] Copy Pods Resources";
			outputPaths = (
			);
			runOnlyForDeploymentPostprocessing = 0;
			shellPath = /bin/sh;
			shellScript = "\"${SRCROOT}/Pods/Target Support Files/Pods-InstagramUITests/Pods-InstagramUITests-resources.sh\"\n";
			showEnvVarsInLog = 0;
		};
		B93983207492592DB38580D3 /* [CP] Check Pods Manifest.lock */ = {
			isa = PBXShellScriptBuildPhase;
			buildActionMask = 2147483647;
			files = (
			);
			inputPaths = (
				"${PODS_PODFILE_DIR_PATH}/Podfile.lock",
				"${PODS_ROOT}/Manifest.lock",
			);
			name = "[CP] Check Pods Manifest.lock";
			outputPaths = (
				"$(DERIVED_FILE_DIR)/Pods-InstagramUITests-checkManifestLockResult.txt",
			);
			runOnlyForDeploymentPostprocessing = 0;
			shellPath = /bin/sh;
			shellScript = "diff \"${PODS_PODFILE_DIR_PATH}/Podfile.lock\" \"${PODS_ROOT}/Manifest.lock\" > /dev/null\nif [ $? != 0 ] ; then\n    # print error to STDERR\n    echo \"error: The sandbox is not in sync with the Podfile.lock. Run 'pod install' or update your CocoaPods installation.\" >&2\n    exit 1\nfi\n# This output is used by Xcode 'outputs' to avoid re-running this script phase.\necho \"SUCCESS\" > \"${SCRIPT_OUTPUT_FILE_0}\"\n";
			showEnvVarsInLog = 0;
		};
		C0299FB7F272682983DD6504 /* [CP] Copy Pods Resources */ = {
			isa = PBXShellScriptBuildPhase;
			buildActionMask = 2147483647;
			files = (
			);
			inputPaths = (
			);
			name = "[CP] Copy Pods Resources";
			outputPaths = (
			);
			runOnlyForDeploymentPostprocessing = 0;
			shellPath = /bin/sh;
			shellScript = "\"${SRCROOT}/Pods/Target Support Files/Pods-Instagram/Pods-Instagram-resources.sh\"\n";
			showEnvVarsInLog = 0;
		};
		C25C984721A61F5B8202F87A /* [CP] Embed Pods Frameworks */ = {
			isa = PBXShellScriptBuildPhase;
			buildActionMask = 2147483647;
			files = (
			);
			inputPaths = (
			);
			name = "[CP] Embed Pods Frameworks";
			outputPaths = (
			);
			runOnlyForDeploymentPostprocessing = 0;
			shellPath = /bin/sh;
			shellScript = "\"${SRCROOT}/Pods/Target Support Files/Pods-InstagramUITests/Pods-InstagramUITests-frameworks.sh\"\n";
			showEnvVarsInLog = 0;
		};
		ED6E70EAB7FC7FC7A28DE8AD /* [CP] Embed Pods Frameworks */ = {
			isa = PBXShellScriptBuildPhase;
			buildActionMask = 2147483647;
			files = (
			);
			inputPaths = (
			);
			name = "[CP] Embed Pods Frameworks";
			outputPaths = (
			);
			runOnlyForDeploymentPostprocessing = 0;
			shellPath = /bin/sh;
			shellScript = "\"${SRCROOT}/Pods/Target Support Files/Pods-InstagramTests/Pods-InstagramTests-frameworks.sh\"\n";
			showEnvVarsInLog = 0;
		};
		F2AA06A585FA30E6D097C32D /* [CP] Embed Pods Frameworks */ = {
			isa = PBXShellScriptBuildPhase;
			buildActionMask = 2147483647;
			files = (
			);
			inputPaths = (
				"${SRCROOT}/Pods/Target Support Files/Pods-Instagram/Pods-Instagram-frameworks.sh",
				"${BUILT_PRODUCTS_DIR}/Bolts/Bolts.framework",
				"${BUILT_PRODUCTS_DIR}/Parse/Parse.framework",
				"${BUILT_PRODUCTS_DIR}/ParseUI/ParseUI.framework",
			);
			name = "[CP] Embed Pods Frameworks";
			outputPaths = (
				"${TARGET_BUILD_DIR}/${FRAMEWORKS_FOLDER_PATH}/Bolts.framework",
				"${TARGET_BUILD_DIR}/${FRAMEWORKS_FOLDER_PATH}/Parse.framework",
				"${TARGET_BUILD_DIR}/${FRAMEWORKS_FOLDER_PATH}/ParseUI.framework",
			);
			runOnlyForDeploymentPostprocessing = 0;
			shellPath = /bin/sh;
			shellScript = "\"${SRCROOT}/Pods/Target Support Files/Pods-Instagram/Pods-Instagram-frameworks.sh\"\n";
			showEnvVarsInLog = 0;
		};
/* End PBXShellScriptBuildPhase section */

/* Begin PBXSourcesBuildPhase section */
		59771CC0203E26B8004178A0 /* Sources */ = {
			isa = PBXSourcesBuildPhase;
			buildActionMask = 2147483647;
			files = (
				59EAF70620428E2500C9A7E9 /* PhotoMapViewController.swift in Sources */,
				59EAF6FC203E2D3C00C9A7E9 /* LoginViewController.swift in Sources */,
				59B855DA2048418C009CA2E9 /* PhotoTableViewCell.swift in Sources */,
				59771CCA203E26B8004178A0 /* ViewController.swift in Sources */,
				59EAF70220414C2000C9A7E9 /* HomeViewController.swift in Sources */,
				59016DC6205331CB001A93CB /* Post.swift in Sources */,
				59771CC8203E26B8004178A0 /* AppDelegate.swift in Sources */,
			);
			runOnlyForDeploymentPostprocessing = 0;
		};
		59771CD4203E26B9004178A0 /* Sources */ = {
			isa = PBXSourcesBuildPhase;
			buildActionMask = 2147483647;
			files = (
				59771CDD203E26B9004178A0 /* InstagramTests.swift in Sources */,
			);
			runOnlyForDeploymentPostprocessing = 0;
		};
		59771CDF203E26B9004178A0 /* Sources */ = {
			isa = PBXSourcesBuildPhase;
			buildActionMask = 2147483647;
			files = (
				59771CE8203E26B9004178A0 /* InstagramUITests.swift in Sources */,
			);
			runOnlyForDeploymentPostprocessing = 0;
		};
/* End PBXSourcesBuildPhase section */

/* Begin PBXTargetDependency section */
		59771CDA203E26B9004178A0 /* PBXTargetDependency */ = {
			isa = PBXTargetDependency;
			target = 59771CC3203E26B8004178A0 /* Instagram */;
			targetProxy = 59771CD9203E26B9004178A0 /* PBXContainerItemProxy */;
		};
		59771CE5203E26B9004178A0 /* PBXTargetDependency */ = {
			isa = PBXTargetDependency;
			target = 59771CC3203E26B8004178A0 /* Instagram */;
			targetProxy = 59771CE4203E26B9004178A0 /* PBXContainerItemProxy */;
		};
/* End PBXTargetDependency section */

/* Begin PBXVariantGroup section */
		59771CCB203E26B8004178A0 /* Main.storyboard */ = {
			isa = PBXVariantGroup;
			children = (
				59771CCC203E26B8004178A0 /* Base */,
			);
			name = Main.storyboard;
			sourceTree = "<group>";
		};
		59771CD0203E26B8004178A0 /* LaunchScreen.storyboard */ = {
			isa = PBXVariantGroup;
			children = (
				59771CD1203E26B8004178A0 /* Base */,
			);
			name = LaunchScreen.storyboard;
			sourceTree = "<group>";
		};
/* End PBXVariantGroup section */

/* Begin XCBuildConfiguration section */
		59771CEA203E26B9004178A0 /* Debug */ = {
			isa = XCBuildConfiguration;
			buildSettings = {
				ALWAYS_SEARCH_USER_PATHS = NO;
				CLANG_ANALYZER_NONNULL = YES;
				CLANG_ANALYZER_NUMBER_OBJECT_CONVERSION = YES_AGGRESSIVE;
				CLANG_CXX_LANGUAGE_STANDARD = "gnu++14";
				CLANG_CXX_LIBRARY = "libc++";
				CLANG_ENABLE_MODULES = YES;
				CLANG_ENABLE_OBJC_ARC = YES;
				CLANG_WARN_BLOCK_CAPTURE_AUTORELEASING = YES;
				CLANG_WARN_BOOL_CONVERSION = YES;
				CLANG_WARN_COMMA = YES;
				CLANG_WARN_CONSTANT_CONVERSION = YES;
				CLANG_WARN_DIRECT_OBJC_ISA_USAGE = YES_ERROR;
				CLANG_WARN_DOCUMENTATION_COMMENTS = YES;
				CLANG_WARN_EMPTY_BODY = YES;
				CLANG_WARN_ENUM_CONVERSION = YES;
				CLANG_WARN_INFINITE_RECURSION = YES;
				CLANG_WARN_INT_CONVERSION = YES;
				CLANG_WARN_NON_LITERAL_NULL_CONVERSION = YES;
				CLANG_WARN_OBJC_LITERAL_CONVERSION = YES;
				CLANG_WARN_OBJC_ROOT_CLASS = YES_ERROR;
				CLANG_WARN_RANGE_LOOP_ANALYSIS = YES;
				CLANG_WARN_STRICT_PROTOTYPES = YES;
				CLANG_WARN_SUSPICIOUS_MOVE = YES;
				CLANG_WARN_UNGUARDED_AVAILABILITY = YES_AGGRESSIVE;
				CLANG_WARN_UNREACHABLE_CODE = YES;
				CLANG_WARN__DUPLICATE_METHOD_MATCH = YES;
				CODE_SIGN_IDENTITY = "iPhone Developer";
				COPY_PHASE_STRIP = NO;
				DEBUG_INFORMATION_FORMAT = dwarf;
				ENABLE_STRICT_OBJC_MSGSEND = YES;
				ENABLE_TESTABILITY = YES;
				GCC_C_LANGUAGE_STANDARD = gnu11;
				GCC_DYNAMIC_NO_PIC = NO;
				GCC_NO_COMMON_BLOCKS = YES;
				GCC_OPTIMIZATION_LEVEL = 0;
				GCC_PREPROCESSOR_DEFINITIONS = (
					"DEBUG=1",
					"$(inherited)",
				);
				GCC_WARN_64_TO_32_BIT_CONVERSION = YES;
				GCC_WARN_ABOUT_RETURN_TYPE = YES_ERROR;
				GCC_WARN_UNDECLARED_SELECTOR = YES;
				GCC_WARN_UNINITIALIZED_AUTOS = YES_AGGRESSIVE;
				GCC_WARN_UNUSED_FUNCTION = YES;
				GCC_WARN_UNUSED_VARIABLE = YES;
				IPHONEOS_DEPLOYMENT_TARGET = 11.2;
				MTL_ENABLE_DEBUG_INFO = YES;
				ONLY_ACTIVE_ARCH = YES;
				SDKROOT = iphoneos;
				SWIFT_ACTIVE_COMPILATION_CONDITIONS = DEBUG;
				SWIFT_OPTIMIZATION_LEVEL = "-Onone";
			};
			name = Debug;
		};
		59771CEB203E26B9004178A0 /* Release */ = {
			isa = XCBuildConfiguration;
			buildSettings = {
				ALWAYS_SEARCH_USER_PATHS = NO;
				CLANG_ANALYZER_NONNULL = YES;
				CLANG_ANALYZER_NUMBER_OBJECT_CONVERSION = YES_AGGRESSIVE;
				CLANG_CXX_LANGUAGE_STANDARD = "gnu++14";
				CLANG_CXX_LIBRARY = "libc++";
				CLANG_ENABLE_MODULES = YES;
				CLANG_ENABLE_OBJC_ARC = YES;
				CLANG_WARN_BLOCK_CAPTURE_AUTORELEASING = YES;
				CLANG_WARN_BOOL_CONVERSION = YES;
				CLANG_WARN_COMMA = YES;
				CLANG_WARN_CONSTANT_CONVERSION = YES;
				CLANG_WARN_DIRECT_OBJC_ISA_USAGE = YES_ERROR;
				CLANG_WARN_DOCUMENTATION_COMMENTS = YES;
				CLANG_WARN_EMPTY_BODY = YES;
				CLANG_WARN_ENUM_CONVERSION = YES;
				CLANG_WARN_INFINITE_RECURSION = YES;
				CLANG_WARN_INT_CONVERSION = YES;
				CLANG_WARN_NON_LITERAL_NULL_CONVERSION = YES;
				CLANG_WARN_OBJC_LITERAL_CONVERSION = YES;
				CLANG_WARN_OBJC_ROOT_CLASS = YES_ERROR;
				CLANG_WARN_RANGE_LOOP_ANALYSIS = YES;
				CLANG_WARN_STRICT_PROTOTYPES = YES;
				CLANG_WARN_SUSPICIOUS_MOVE = YES;
				CLANG_WARN_UNGUARDED_AVAILABILITY = YES_AGGRESSIVE;
				CLANG_WARN_UNREACHABLE_CODE = YES;
				CLANG_WARN__DUPLICATE_METHOD_MATCH = YES;
				CODE_SIGN_IDENTITY = "iPhone Developer";
				COPY_PHASE_STRIP = NO;
				DEBUG_INFORMATION_FORMAT = "dwarf-with-dsym";
				ENABLE_NS_ASSERTIONS = NO;
				ENABLE_STRICT_OBJC_MSGSEND = YES;
				GCC_C_LANGUAGE_STANDARD = gnu11;
				GCC_NO_COMMON_BLOCKS = YES;
				GCC_WARN_64_TO_32_BIT_CONVERSION = YES;
				GCC_WARN_ABOUT_RETURN_TYPE = YES_ERROR;
				GCC_WARN_UNDECLARED_SELECTOR = YES;
				GCC_WARN_UNINITIALIZED_AUTOS = YES_AGGRESSIVE;
				GCC_WARN_UNUSED_FUNCTION = YES;
				GCC_WARN_UNUSED_VARIABLE = YES;
				IPHONEOS_DEPLOYMENT_TARGET = 11.2;
				MTL_ENABLE_DEBUG_INFO = NO;
				SDKROOT = iphoneos;
				SWIFT_OPTIMIZATION_LEVEL = "-Owholemodule";
				VALIDATE_PRODUCT = YES;
			};
			name = Release;
		};
		59771CED203E26B9004178A0 /* Debug */ = {
			isa = XCBuildConfiguration;
			baseConfigurationReference = 066AA78682847058D5727675 /* Pods-Instagram.debug.xcconfig */;
			buildSettings = {
				ASSETCATALOG_COMPILER_APPICON_NAME = AppIcon;
				CODE_SIGN_STYLE = Automatic;
				INFOPLIST_FILE = Instagram/Info.plist;
				LD_RUNPATH_SEARCH_PATHS = "$(inherited) @executable_path/Frameworks";
				PRODUCT_BUNDLE_IDENTIFIER = testCompany.Instagram;
				PRODUCT_NAME = "$(TARGET_NAME)";
				SWIFT_VERSION = 4.0;
				TARGETED_DEVICE_FAMILY = "1,2";
			};
			name = Debug;
		};
		59771CEE203E26B9004178A0 /* Release */ = {
			isa = XCBuildConfiguration;
			baseConfigurationReference = E5FAEBE4C51E53609EDEF4F7 /* Pods-Instagram.release.xcconfig */;
			buildSettings = {
				ASSETCATALOG_COMPILER_APPICON_NAME = AppIcon;
				CODE_SIGN_STYLE = Automatic;
				INFOPLIST_FILE = Instagram/Info.plist;
				LD_RUNPATH_SEARCH_PATHS = "$(inherited) @executable_path/Frameworks";
				PRODUCT_BUNDLE_IDENTIFIER = testCompany.Instagram;
				PRODUCT_NAME = "$(TARGET_NAME)";
				SWIFT_VERSION = 4.0;
				TARGETED_DEVICE_FAMILY = "1,2";
			};
			name = Release;
		};
		59771CF0203E26B9004178A0 /* Debug */ = {
			isa = XCBuildConfiguration;
			baseConfigurationReference = E1F8B238BE429AC088FADBA0 /* Pods-InstagramTests.debug.xcconfig */;
			buildSettings = {
				ALWAYS_EMBED_SWIFT_STANDARD_LIBRARIES = YES;
				BUNDLE_LOADER = "$(TEST_HOST)";
				CODE_SIGN_STYLE = Automatic;
				INFOPLIST_FILE = InstagramTests/Info.plist;
				LD_RUNPATH_SEARCH_PATHS = "$(inherited) @executable_path/Frameworks @loader_path/Frameworks";
				PRODUCT_BUNDLE_IDENTIFIER = testCompany.InstagramTests;
				PRODUCT_NAME = "$(TARGET_NAME)";
				SWIFT_VERSION = 4.0;
				TARGETED_DEVICE_FAMILY = "1,2";
				TEST_HOST = "$(BUILT_PRODUCTS_DIR)/Instagram.app/Instagram";
			};
			name = Debug;
		};
		59771CF1203E26B9004178A0 /* Release */ = {
			isa = XCBuildConfiguration;
			baseConfigurationReference = 3EDC01C48871901A3DC7AADD /* Pods-InstagramTests.release.xcconfig */;
			buildSettings = {
				ALWAYS_EMBED_SWIFT_STANDARD_LIBRARIES = YES;
				BUNDLE_LOADER = "$(TEST_HOST)";
				CODE_SIGN_STYLE = Automatic;
				INFOPLIST_FILE = InstagramTests/Info.plist;
				LD_RUNPATH_SEARCH_PATHS = "$(inherited) @executable_path/Frameworks @loader_path/Frameworks";
				PRODUCT_BUNDLE_IDENTIFIER = testCompany.InstagramTests;
				PRODUCT_NAME = "$(TARGET_NAME)";
				SWIFT_VERSION = 4.0;
				TARGETED_DEVICE_FAMILY = "1,2";
				TEST_HOST = "$(BUILT_PRODUCTS_DIR)/Instagram.app/Instagram";
			};
			name = Release;
		};
		59771CF3203E26B9004178A0 /* Debug */ = {
			isa = XCBuildConfiguration;
			baseConfigurationReference = 2CF3260531B376D8D97F9BC7 /* Pods-InstagramUITests.debug.xcconfig */;
			buildSettings = {
				ALWAYS_EMBED_SWIFT_STANDARD_LIBRARIES = YES;
				CODE_SIGN_STYLE = Automatic;
				INFOPLIST_FILE = InstagramUITests/Info.plist;
				LD_RUNPATH_SEARCH_PATHS = "$(inherited) @executable_path/Frameworks @loader_path/Frameworks";
				PRODUCT_BUNDLE_IDENTIFIER = testCompany.InstagramUITests;
				PRODUCT_NAME = "$(TARGET_NAME)";
				SWIFT_VERSION = 4.0;
				TARGETED_DEVICE_FAMILY = "1,2";
				TEST_TARGET_NAME = Instagram;
			};
			name = Debug;
		};
		59771CF4203E26B9004178A0 /* Release */ = {
			isa = XCBuildConfiguration;
			baseConfigurationReference = 0330FFAA8431DD319E8CDD94 /* Pods-InstagramUITests.release.xcconfig */;
			buildSettings = {
				ALWAYS_EMBED_SWIFT_STANDARD_LIBRARIES = YES;
				CODE_SIGN_STYLE = Automatic;
				INFOPLIST_FILE = InstagramUITests/Info.plist;
				LD_RUNPATH_SEARCH_PATHS = "$(inherited) @executable_path/Frameworks @loader_path/Frameworks";
				PRODUCT_BUNDLE_IDENTIFIER = testCompany.InstagramUITests;
				PRODUCT_NAME = "$(TARGET_NAME)";
				SWIFT_VERSION = 4.0;
				TARGETED_DEVICE_FAMILY = "1,2";
				TEST_TARGET_NAME = Instagram;
			};
			name = Release;
		};
/* End XCBuildConfiguration section */

/* Begin XCConfigurationList section */
		59771CBF203E26B8004178A0 /* Build configuration list for PBXProject "Instagram" */ = {
			isa = XCConfigurationList;
			buildConfigurations = (
				59771CEA203E26B9004178A0 /* Debug */,
				59771CEB203E26B9004178A0 /* Release */,
			);
			defaultConfigurationIsVisible = 0;
			defaultConfigurationName = Release;
		};
		59771CEC203E26B9004178A0 /* Build configuration list for PBXNativeTarget "Instagram" */ = {
			isa = XCConfigurationList;
			buildConfigurations = (
				59771CED203E26B9004178A0 /* Debug */,
				59771CEE203E26B9004178A0 /* Release */,
			);
			defaultConfigurationIsVisible = 0;
			defaultConfigurationName = Release;
		};
		59771CEF203E26B9004178A0 /* Build configuration list for PBXNativeTarget "InstagramTests" */ = {
			isa = XCConfigurationList;
			buildConfigurations = (
				59771CF0203E26B9004178A0 /* Debug */,
				59771CF1203E26B9004178A0 /* Release */,
			);
			defaultConfigurationIsVisible = 0;
			defaultConfigurationName = Release;
		};
		59771CF2203E26B9004178A0 /* Build configuration list for PBXNativeTarget "InstagramUITests" */ = {
			isa = XCConfigurationList;
			buildConfigurations = (
				59771CF3203E26B9004178A0 /* Debug */,
				59771CF4203E26B9004178A0 /* Release */,
			);
			defaultConfigurationIsVisible = 0;
			defaultConfigurationName = Release;
		};
/* End XCConfigurationList section */
	};
	rootObject = 59771CBC203E26B8004178A0 /* Project object */;
}
